
Microsoft Visual Studio Solution File, Format Version 12.00
# Visual Studio Version 16
VisualStudioVersion = 16.0.32630.194
MinimumVisualStudioVersion = 10.0.40219.1
Project("{FAE04EC0-301F-11D3-BF4B-00C04F79EFBC}") = "Fibonacci", "Fibonacci\Fibonacci.csproj", "{2FCFA7ED-6228-4CB2-B944-EA41D560D44F}"
EndProject
Global
	GlobalSection(SolutionConfigurationPlatforms) = preSolution
		Debug|Any CPU = Debug|Any CPU
		Release|Any CPU = Release|Any CPU
	EndGlobalSection
	GlobalSection(ProjectConfigurationPlatforms) = postSolution
		{2FCFA7ED-6228-4CB2-B944-EA41D560D44F}.Debug|Any CPU.ActiveCfg = Debug|Any CPU
		{2FCFA7ED-6228-4CB2-B944-EA41D560D44F}.Debug|Any CPU.Build.0 = Debug|Any CPU
		{2FCFA7ED-6228-4CB2-B944-EA41D560D44F}.Release|Any CPU.ActiveCfg = Release|Any CPU
		{2FCFA7ED-6228-4CB2-B944-EA41D560D44F}.Release|Any CPU.Build.0 = Release|Any CPU
	EndGlobalSection
	GlobalSection(SolutionProperties) = preSolution
		HideSolutionNode = FALSE
	EndGlobalSection
	GlobalSection(ExtensibilityGlobals) = postSolution
		SolutionGuid = {C87C76D0-89CA-4704-817D-5EFFA01B70F8}
	EndGlobalSection
EndGlobal
